
Microsoft Visual Studio Solution File, Format Version 12.00
# Visual Studio 15
Project("{FAE04EC0-301F-11D3-BF4B-00C04F79EFBC}") = "Assembly-CSharp", "Assembly-CSharp.csproj", "{2FD65E8C-C847-229E-1911-B8FF9908B6DA}"
EndProject
Project("{FAE04EC0-301F-11D3-BF4B-00C04F79EFBC}") = "Assembly-CSharp-Editor", "Assembly-CSharp-Editor.csproj", "{979B5A0C-16D1-88C9-2BE9-757C3795C1C5}"
EndProject
Global
	GlobalSection(SolutionConfigurationPlatforms) = preSolution
		Debug|Any CPU = Debug|Any CPU
		Release|Any CPU = Release|Any CPU
	EndGlobalSection
	GlobalSection(ProjectConfigurationPlatforms) = postSolution
		{2FD65E8C-C847-229E-1911-B8FF9908B6DA}.Debug|Any CPU.ActiveCfg = Debug|Any CPU
		{2FD65E8C-C847-229E-1911-B8FF9908B6DA}.Debug|Any CPU.Build.0 = Debug|Any CPU
		{2FD65E8C-C847-229E-1911-B8FF9908B6DA}.Release|Any CPU.ActiveCfg = Release|Any CPU
		{2FD65E8C-C847-229E-1911-B8FF9908B6DA}.Release|Any CPU.Build.0 = Release|Any CPU
		{979B5A0C-16D1-88C9-2BE9-757C3795C1C5}.Debug|Any CPU.ActiveCfg = Debug|Any CPU
		{979B5A0C-16D1-88C9-2BE9-757C3795C1C5}.Debug|Any CPU.Build.0 = Debug|Any CPU
		{979B5A0C-16D1-88C9-2BE9-757C3795C1C5}.Release|Any CPU.ActiveCfg = Release|Any CPU
		{979B5A0C-16D1-88C9-2BE9-757C3795C1C5}.Release|Any CPU.Build.0 = Release|Any CPU
	EndGlobalSection
	GlobalSection(SolutionProperties) = preSolution
		HideSolutionNode = FALSE
	EndGlobalSection
EndGlobal
